
Microsoft Visual Studio Solution File, Format Version 11.00
# Visual Studio 2010
Project("{FAE04EC0-301F-11D3-BF4B-00C04F79EFBC}") = "Assembly-CSharp", "Assembly-CSharp.csproj", "{e2a55fe6-42c4-d584-117e-6cfcd2c16862}"
EndProject
Project("{FAE04EC0-301F-11D3-BF4B-00C04F79EFBC}") = "GoogleMobileAds", "GoogleMobileAds.csproj", "{5f031957-7616-45a5-7e50-d82c2a2ae830}"
EndProject
Project("{FAE04EC0-301F-11D3-BF4B-00C04F79EFBC}") = "Assembly-CSharp-firstpass", "Assembly-CSharp-firstpass.csproj", "{3f4c32b6-4de6-741d-ff9c-73479ccf379b}"
EndProject
Project("{FAE04EC0-301F-11D3-BF4B-00C04F79EFBC}") = "Sirenix.OdinInspector.CompatibilityLayer", "Sirenix.OdinInspector.CompatibilityLayer.csproj", "{3b0ae01a-72eb-9167-5b71-5befba4db4a2}"
EndProject
Project("{FAE04EC0-301F-11D3-BF4B-00C04F79EFBC}") = "Assembly-CSharp-Editor", "Assembly-CSharp-Editor.csproj", "{c13de8df-a5da-371c-8db3-ad31c78d42f8}"
EndProject
Project("{FAE04EC0-301F-11D3-BF4B-00C04F79EFBC}") = "Sirenix.OdinInspector.CompatibilityLayer.Editor", "Sirenix.OdinInspector.CompatibilityLayer.Editor.csproj", "{e4af2eaf-bceb-689e-b220-ff3726633635}"
EndProject
Project("{FAE04EC0-301F-11D3-BF4B-00C04F79EFBC}") = "GoogleMobileAds.Editor", "GoogleMobileAds.Editor.csproj", "{cddf53d9-9fc5-0e25-8ce7-80d4dbfe86f3}"
EndProject
Project("{FAE04EC0-301F-11D3-BF4B-00C04F79EFBC}") = "Assembly-CSharp-Editor-firstpass", "Assembly-CSharp-Editor-firstpass.csproj", "{6f0c41f5-5564-d33a-23f3-5f45d2a13802}"
EndProject
Project("{FAE04EC0-301F-11D3-BF4B-00C04F79EFBC}") = "Sirenix.OdinInspector.Modules.UnityMathematics", "Sirenix.OdinInspector.Modules.UnityMathematics.csproj", "{0153ffce-8f0f-1b46-2351-736c6e8cb787}"
EndProject
Global
	GlobalSection(SolutionConfigurationPlatforms) = preSolution
		Debug|Any CPU = Debug|Any CPU
	EndGlobalSection
	GlobalSection(ProjectConfigurationPlatforms) = postSolution
		{e2a55fe6-42c4-d584-117e-6cfcd2c16862}.Debug|Any CPU.ActiveCfg = Debug|Any CPU
		{e2a55fe6-42c4-d584-117e-6cfcd2c16862}.Debug|Any CPU.Build.0 = Debug|Any CPU
		{5f031957-7616-45a5-7e50-d82c2a2ae830}.Debug|Any CPU.ActiveCfg = Debug|Any CPU
		{5f031957-7616-45a5-7e50-d82c2a2ae830}.Debug|Any CPU.Build.0 = Debug|Any CPU
		{3f4c32b6-4de6-741d-ff9c-73479ccf379b}.Debug|Any CPU.ActiveCfg = Debug|Any CPU
		{3f4c32b6-4de6-741d-ff9c-73479ccf379b}.Debug|Any CPU.Build.0 = Debug|Any CPU
		{3b0ae01a-72eb-9167-5b71-5befba4db4a2}.Debug|Any CPU.ActiveCfg = Debug|Any CPU
		{3b0ae01a-72eb-9167-5b71-5befba4db4a2}.Debug|Any CPU.Build.0 = Debug|Any CPU
		{c13de8df-a5da-371c-8db3-ad31c78d42f8}.Debug|Any CPU.ActiveCfg = Debug|Any CPU
		{c13de8df-a5da-371c-8db3-ad31c78d42f8}.Debug|Any CPU.Build.0 = Debug|Any CPU
		{e4af2eaf-bceb-689e-b220-ff3726633635}.Debug|Any CPU.ActiveCfg = Debug|Any CPU
		{e4af2eaf-bceb-689e-b220-ff3726633635}.Debug|Any CPU.Build.0 = Debug|Any CPU
		{cddf53d9-9fc5-0e25-8ce7-80d4dbfe86f3}.Debug|Any CPU.ActiveCfg = Debug|Any CPU
		{cddf53d9-9fc5-0e25-8ce7-80d4dbfe86f3}.Debug|Any CPU.Build.0 = Debug|Any CPU
		{6f0c41f5-5564-d33a-23f3-5f45d2a13802}.Debug|Any CPU.ActiveCfg = Debug|Any CPU
		{6f0c41f5-5564-d33a-23f3-5f45d2a13802}.Debug|Any CPU.Build.0 = Debug|Any CPU
		{0153ffce-8f0f-1b46-2351-736c6e8cb787}.Debug|Any CPU.ActiveCfg = Debug|Any CPU
		{0153ffce-8f0f-1b46-2351-736c6e8cb787}.Debug|Any CPU.Build.0 = Debug|Any CPU
	EndGlobalSection
	GlobalSection(SolutionProperties) = preSolution
		HideSolutionNode = FALSE
	EndGlobalSection
EndGlobal
